// !$*UTF8*$!
{
	archiveVersion = 1;
	classes = {
	};
	objectVersion = 50;
	objects = {

/* Begin PBXBuildFile section */
		595D694B23A41626003FEB71 /* AppDelegate.swift in Sources */ = {isa = PBXBuildFile; fileRef = 595D694A23A41626003FEB71 /* AppDelegate.swift */; };
		595D694D23A41626003FEB71 /* SceneDelegate.swift in Sources */ = {isa = PBXBuildFile; fileRef = 595D694C23A41626003FEB71 /* SceneDelegate.swift */; };
		595D695223A41626003FEB71 /* Main.storyboard in Resources */ = {isa = PBXBuildFile; fileRef = 595D695023A41626003FEB71 /* Main.storyboard */; };
		595D695423A41627003FEB71 /* Assets.xcassets in Resources */ = {isa = PBXBuildFile; fileRef = 595D695323A41627003FEB71 /* Assets.xcassets */; };
		595D695723A41627003FEB71 /* LaunchScreen.storyboard in Resources */ = {isa = PBXBuildFile; fileRef = 595D695523A41627003FEB71 /* LaunchScreen.storyboard */; };
		595D696223A4284D003FEB71 /* AbstractionViewController.swift in Sources */ = {isa = PBXBuildFile; fileRef = 595D696123A4284D003FEB71 /* AbstractionViewController.swift */; };
/* End PBXBuildFile section */

/* Begin PBXFileReference section */
		595D694723A41626003FEB71 /* AbstractionProject.app */ = {isa = PBXFileReference; explicitFileType = wrapper.application; includeInIndex = 0; path = AbstractionProject.app; sourceTree = BUILT_PRODUCTS_DIR; };
		595D694A23A41626003FEB71 /* AppDelegate.swift */ = {isa = PBXFileReference; lastKnownFileType = sourcecode.swift; path = AppDelegate.swift; sourceTree = "<group>"; };
		595D694C23A41626003FEB71 /* SceneDelegate.swift */ = {isa = PBXFileReference; lastKnownFileType = sourcecode.swift; path = SceneDelegate.swift; sourceTree = "<group>"; };
		595D695123A41626003FEB71 /* Base */ = {isa = PBXFileReference; lastKnownFileType = file.storyboard; name = Base; path = Base.lproj/Main.storyboard; sourceTree = "<group>"; };
		595D695323A41627003FEB71 /* Assets.xcassets */ = {isa = PBXFileReference; lastKnownFileType = folder.assetcatalog; path = Assets.xcassets; sourceTree = "<group>"; };
		595D695623A41627003FEB71 /* Base */ = {isa = PBXFileReference; lastKnownFileType = file.storyboard; name = Base; path = Base.lproj/LaunchScreen.storyboard; sourceTree = "<group>"; };
		595D695823A41627003FEB71 /* Info.plist */ = {isa = PBXFileReference; lastKnownFileType = text.plist.xml; path = Info.plist; sourceTree = "<group>"; };
		595D696123A4284D003FEB71 /* AbstractionViewController.swift */ = {isa = PBXFileReference; lastKnownFileType = sourcecode.swift; path = AbstractionViewController.swift; sourceTree = "<group>"; };
/* End PBXFileReference section */

/* Begin PBXFrameworksBuildPhase section */
		595D694423A41626003FEB71 /* Frameworks */ = {
			isa = PBXFrameworksBuildPhase;
			buildActionMask = 2147483647;
			files = (
			);
			runOnlyForDeploymentPostprocessing = 0;
		};
/* End PBXFrameworksBuildPhase section */

/* Begin PBXGroup section */
		595D693E23A41626003FEB71 = {
			isa = PBXGroup;
			children = (
				595D694923A41626003FEB71 /* AbstractionProject */,
				595D694823A41626003FEB71 /* Products */,
			);
			sourceTree = "<group>";
		};
		595D694823A41626003FEB71 /* Products */ = {
			isa = PBXGroup;
			children = (
				595D694723A41626003FEB71 /* AbstractionProject.app */,
			);
			name = Products;
			sourceTree = "<group>";
		};
		595D694923A41626003FEB71 /* AbstractionProject */ = {
			isa = PBXGroup;
			children = (
				595D696023A4168D003FEB71 /* View */,
				595D695F23A41678003FEB71 /* Resources */,
				595D695E23A4166A003FEB71 /* Controller */,
			);
			path = AbstractionProject;
			sourceTree = "<group>";
		};
		595D695E23A4166A003FEB71 /* Controller */ = {
			isa = PBXGroup;
			children = (
				595D694C23A41626003FEB71 /* SceneDelegate.swift */,
				595D696123A4284D003FEB71 /* AbstractionViewController.swift */,
			);
			path = Controller;
			sourceTree = "<group>";
		};
		595D695F23A41678003FEB71 /* Resources */ = {
			isa = PBXGroup;
			children = (
				595D695823A41627003FEB71 /* Info.plist */,
				595D695323A41627003FEB71 /* Assets.xcassets */,
				595D694A23A41626003FEB71 /* AppDelegate.swift */,
			);
			path = Resources;
			sourceTree = "<group>";
		};
		595D696023A4168D003FEB71 /* View */ = {
			isa = PBXGroup;
			children = (
				595D695023A41626003FEB71 /* Main.storyboard */,
				595D695523A41627003FEB71 /* LaunchScreen.storyboard */,
			);
			path = View;
			sourceTree = "<group>";
		};
/* End PBXGroup section */

/* Begin PBXNativeTarget section */
		595D694623A41626003FEB71 /* AbstractionProject */ = {
			isa = PBXNativeTarget;
			buildConfigurationList = 595D695B23A41627003FEB71 /* Build configuration list for PBXNativeTarget "AbstractionProject" */;
			buildPhases = (
				595D694323A41626003FEB71 /* Sources */,
				595D694423A41626003FEB71 /* Frameworks */,
				595D694523A41626003FEB71 /* Resources */,
			);
			buildRules = (
			);
			dependencies = (
			);
			name = AbstractionProject;
			productName = AbstractionProject;
			productReference = 595D694723A41626003FEB71 /* AbstractionProject.app */;
			productType = "com.apple.product-type.application";
		};
/* End PBXNativeTarget section */

/* Begin PBXProject section */
		595D693F23A41626003FEB71 /* Project object */ = {
			isa = PBXProject;
			attributes = {
				LastSwiftUpdateCheck = 1120;
				LastUpgradeCheck = 1120;
				ORGANIZATIONNAME = "Faerber, Benjamin";
				TargetAttributes = {
					595D694623A41626003FEB71 = {
						CreatedOnToolsVersion = 11.2.1;
					};
				};
			};
			buildConfigurationList = 595D694223A41626003FEB71 /* Build configuration list for PBXProject "AbstractionProject" */;
			compatibilityVersion = "Xcode 9.3";
			developmentRegion = en;
			hasScannedForEncodings = 0;
			knownRegions = (
				en,
				Base,
			);
			mainGroup = 595D693E23A41626003FEB71;
			productRefGroup = 595D694823A41626003FEB71 /* Products */;
			projectDirPath = "";
			projectRoot = "";
			targets = (
				595D694623A41626003FEB71 /* AbstractionProject */,
			);
		};
/* End PBXProject section */

/* Begin PBXResourcesBuildPhase section */
		595D694523A41626003FEB71 /* Resources */ = {
			isa = PBXResourcesBuildPhase;
			buildActionMask = 2147483647;
			files = (
				595D695723A41627003FEB71 /* LaunchScreen.storyboard in Resources */,
				595D695423A41627003FEB71 /* Assets.xcassets in Resources */,
				595D695223A41626003FEB71 /* Main.storyboard in Resources */,
			);
			runOnlyForDeploymentPostprocessing = 0;
		};
/* End PBXResourcesBuildPhase section */

/* Begin PBXSourcesBuildPhase section */
		595D694323A41626003FEB71 /* Sources */ = {
			isa = PBXSourcesBuildPhase;
			buildActionMask = 2147483647;
			files = (
				595D696223A4284D003FEB71 /* AbstractionViewController.swift in Sources */,
				595D694B23A41626003FEB71 /* AppDelegate.swift in Sources */,
				595D694D23A41626003FEB71 /* SceneDelegate.swift in Sources */,
			);
			runOnlyForDeploymentPostprocessing = 0;
		};
/* End PBXSourcesBuildPhase section */

/* Begin PBXVariantGroup section */
		595D695023A41626003FEB71 /* Main.storyboard */ = {
			isa = PBXVariantGroup;
			children = (
				595D695123A41626003FEB71 /* Base */,
			);
			name = Main.storyboard;
			sourceTree = "<group>";
		};
		595D695523A41627003FEB71 /* LaunchScreen.storyboard */ = {
			isa = PBXVariantGroup;
			children = (
				595D695623A41627003FEB71 /* Base */,
			);
			name = LaunchScreen.storyboard;
			sourceTree = "<group>";
		};
/* End PBXVariantGroup section */

/* Begin XCBuildConfiguration section */
		595D695923A41627003FEB71 /* Debug */ = {
			isa = XCBuildConfiguration;
			buildSettings = {
				ALWAYS_SEARCH_USER_PATHS = NO;
				CLANG_ANALYZER_NONNULL = YES;
				CLANG_ANALYZER_NUMBER_OBJECT_CONVERSION = YES_AGGRESSIVE;
				CLANG_CXX_LANGUAGE_STANDARD = "gnu++14";
				CLANG_CXX_LIBRARY = "libc++";
				CLANG_ENABLE_MODULES = YES;
				CLANG_ENABLE_OBJC_ARC = YES;
				CLANG_ENABLE_OBJC_WEAK = YES;
				CLANG_WARN_BLOCK_CAPTURE_AUTORELEASING = YES;
				CLANG_WARN_BOOL_CONVERSION = YES;
				CLANG_WARN_COMMA = YES;
				CLANG_WARN_CONSTANT_CONVERSION = YES;
				CLANG_WARN_DEPRECATED_OBJC_IMPLEMENTATIONS = YES;
				CLANG_WARN_DIRECT_OBJC_ISA_USAGE = YES_ERROR;
				CLANG_WARN_DOCUMENTATION_COMMENTS = YES;
				CLANG_WARN_EMPTY_BODY = YES;
				CLANG_WARN_ENUM_CONVERSION = YES;
				CLANG_WARN_INFINITE_RECURSION = YES;
				CLANG_WARN_INT_CONVERSION = YES;
				CLANG_WARN_NON_LITERAL_NULL_CONVERSION = YES;
				CLANG_WARN_OBJC_IMPLICIT_RETAIN_SELF = YES;
				CLANG_WARN_OBJC_LITERAL_CONVERSION = YES;
				CLANG_WARN_OBJC_ROOT_CLASS = YES_ERROR;
				CLANG_WARN_RANGE_LOOP_ANALYSIS = YES;
				CLANG_WARN_STRICT_PROTOTYPES = YES;
				CLANG_WARN_SUSPICIOUS_MOVE = YES;
				CLANG_WARN_UNGUARDED_AVAILABILITY = YES_AGGRESSIVE;
				CLANG_WARN_UNREACHABLE_CODE = YES;
				CLANG_WARN__DUPLICATE_METHOD_MATCH = YES;
				COPY_PHASE_STRIP = NO;
				DEBUG_INFORMATION_FORMAT = dwarf;
				ENABLE_STRICT_OBJC_MSGSEND = YES;
				ENABLE_TESTABILITY = YES;
				GCC_C_LANGUAGE_STANDARD = gnu11;
				GCC_DYNAMIC_NO_PIC = NO;
				GCC_NO_COMMON_BLOCKS = YES;
				GCC_OPTIMIZATION_LEVEL = 0;
				GCC_PREPROCESSOR_DEFINITIONS = (
					"DEBUG=1",
					"$(inherited)",
				);
				GCC_WARN_64_TO_32_BIT_CONVERSION = YES;
				GCC_WARN_ABOUT_RETURN_TYPE = YES_ERROR;
				GCC_WARN_UNDECLARED_SELECTOR = YES;
				GCC_WARN_UNINITIALIZED_AUTOS = YES_AGGRESSIVE;
				GCC_WARN_UNUSED_FUNCTION = YES;
				GCC_WARN_UNUSED_VARIABLE = YES;
				IPHONEOS_DEPLOYMENT_TARGET = 13.2;
				MTL_ENABLE_DEBUG_INFO = INCLUDE_SOURCE;
				MTL_FAST_MATH = YES;
				ONLY_ACTIVE_ARCH = YES;
				SDKROOT = iphoneos;
				SWIFT_ACTIVE_COMPILATION_CONDITIONS = DEBUG;
				SWIFT_OPTIMIZATION_LEVEL = "-Onone";
			};
			name = Debug;
		};
		595D695A23A41627003FEB71 /* Release */ = {
			isa = XCBuildConfiguration;
			buildSettings = {
				ALWAYS_SEARCH_USER_PATHS = NO;
				CLANG_ANALYZER_NONNULL = YES;
				CLANG_ANALYZER_NUMBER_OBJECT_CONVERSION = YES_AGGRESSIVE;
				CLANG_CXX_LANGUAGE_STANDARD = "gnu++14";
				CLANG_CXX_LIBRARY = "libc++";
				CLANG_ENABLE_MODULES = YES;
				CLANG_ENABLE_OBJC_ARC = YES;
				CLANG_ENABLE_OBJC_WEAK = YES;
				CLANG_WARN_BLOCK_CAPTURE_AUTORELEASING = YES;
				CLANG_WARN_BOOL_CONVERSION = YES;
				CLANG_WARN_COMMA = YES;
				CLANG_WARN_CONSTANT_CONVERSION = YES;
				CLANG_WARN_DEPRECATED_OBJC_IMPLEMENTATIONS = YES;
				CLANG_WARN_DIRECT_OBJC_ISA_USAGE = YES_ERROR;
				CLANG_WARN_DOCUMENTATION_COMMENTS = YES;
				CLANG_WARN_EMPTY_BODY = YES;
				CLANG_WARN_ENUM_CONVERSION = YES;
				CLANG_WARN_INFINITE_RECURSION = YES;
				CLANG_WARN_INT_CONVERSION = YES;
				CLANG_WARN_NON_LITERAL_NULL_CONVERSION = YES;
				CLANG_WARN_OBJC_IMPLICIT_RETAIN_SELF = YES;
				CLANG_WARN_OBJC_LITERAL_CONVERSION = YES;
				CLANG_WARN_OBJC_ROOT_CLASS = YES_ERROR;
				CLANG_WARN_RANGE_LOOP_ANALYSIS = YES;
				CLANG_WARN_STRICT_PROTOTYPES = YES;
				CLANG_WARN_SUSPICIOUS_MOVE = YES;
				CLANG_WARN_UNGUARDED_AVAILABILITY = YES_AGGRESSIVE;
				CLANG_WARN_UNREACHABLE_CODE = YES;
				CLANG_WARN__DUPLICATE_METHOD_MATCH = YES;
				COPY_PHASE_STRIP = NO;
				DEBUG_INFORMATION_FORMAT = "dwarf-with-dsym";
				ENABLE_NS_ASSERTIONS = NO;
				ENABLE_STRICT_OBJC_MSGSEND = YES;
				GCC_C_LANGUAGE_STANDARD = gnu11;
				GCC_NO_COMMON_BLOCKS = YES;
				GCC_WARN_64_TO_32_BIT_CONVERSION = YES;
				GCC_WARN_ABOUT_RETURN_TYPE = YES_ERROR;
				GCC_WARN_UNDECLARED_SELECTOR = YES;
				GCC_WARN_UNINITIALIZED_AUTOS = YES_AGGRESSIVE;
				GCC_WARN_UNUSED_FUNCTION = YES;
				GCC_WARN_UNUSED_VARIABLE = YES;
				IPHONEOS_DEPLOYMENT_TARGET = 13.2;
				MTL_ENABLE_DEBUG_INFO = NO;
				MTL_FAST_MATH = YES;
				SDKROOT = iphoneos;
				SWIFT_COMPILATION_MODE = wholemodule;
				SWIFT_OPTIMIZATION_LEVEL = "-O";
				VALIDATE_PRODUCT = YES;
			};
			name = Release;
		};
		595D695C23A41627003FEB71 /* Debug */ = {
			isa = XCBuildConfiguration;
			buildSettings = {
				ASSETCATALOG_COMPILER_APPICON_NAME = AppIcon;
				CODE_SIGN_STYLE = Automatic;
				INFOPLIST_FILE = AbstractionProject/Info.plist;
				LD_RUNPATH_SEARCH_PATHS = (
					"$(inherited)",
					"@executable_path/Frameworks",
				);
				PRODUCT_BUNDLE_IDENTIFIER = CTEC.AbstractionProject;
				PRODUCT_NAME = "$(TARGET_NAME)";
				SWIFT_VERSION = 5.0;
				TARGETED_DEVICE_FAMILY = "1,2";
			};
			name = Debug;
		};
		595D695D23A41627003FEB71 /* Release */ = {
			isa = XCBuildConfiguration;
			buildSettings = {
				ASSETCATALOG_COMPILER_APPICON_NAME = AppIcon;
				CODE_SIGN_STYLE = Automatic;
				INFOPLIST_FILE = AbstractionProject/Info.plist;
				LD_RUNPATH_SEARCH_PATHS = (
					"$(inherited)",
					"@executable_path/Frameworks",
				);
				PRODUCT_BUNDLE_IDENTIFIER = CTEC.AbstractionProject;
				PRODUCT_NAME = "$(TARGET_NAME)";
				SWIFT_VERSION = 5.0;
				TARGETED_DEVICE_FAMILY = "1,2";
			};
			name = Release;
		};
/* End XCBuildConfiguration section */

/* Begin XCConfigurationList section */
		595D694223A41626003FEB71 /* Build configuration list for PBXProject "AbstractionProject" */ = {
			isa = XCConfigurationList;
			buildConfigurations = (
				595D695923A41627003FEB71 /* Debug */,
				595D695A23A41627003FEB71 /* Release */,
			);
			defaultConfigurationIsVisible = 0;
			defaultConfigurationName = Release;
		};
		595D695B23A41627003FEB71 /* Build configuration list for PBXNativeTarget "AbstractionProject" */ = {
			isa = XCConfigurationList;
			buildConfigurations = (
				595D695C23A41627003FEB71 /* Debug */,
				595D695D23A41627003FEB71 /* Release */,
			);
			defaultConfigurationIsVisible = 0;
			defaultConfigurationName = Release;
		};
/* End XCConfigurationList section */
	};
	rootObject = 595D693F23A41626003FEB71 /* Project object */;
}
